<Solution>
  <Folder Name="/BuildingBlocks/">
    <Project Path="BuildingBlocks/Application.Abstractions/Application.Abstractions.csproj" Id="1483e12f-7366-4f51-991e-0219c0350e47" />
    <Project Path="BuildingBlocks/Infrastructure/Infrastructure.csproj" Id="dc0d779f-888f-4139-a8b7-e125fe0a739e" />
    <Project Path="BuildingBlocks/SharedKernel/SharedKernel.csproj" Id="9cad9a0f-967e-4eac-881b-16198ce1315d" />
  </Folder>
  <Folder Name="/Modules/" />
  <Folder Name="/Modules/Cart/" />
  <Folder Name="/Modules/Catalog/">
    <Project Path="Modules/Catalog/Catalog.API/Catalog.API.csproj" Id="809377b1-8375-4d40-814e-5f5594f47161" />
    <Project Path="Modules/Catalog/Catalog.Application/Catalog.Application.csproj" Id="03ba6c18-59a2-46fd-a21f-1a2cc7966273" />
    <Project Path="Modules/Catalog/Catalog.Domain/Catalog.Domain.csproj" Id="58a7f52a-1541-4682-a0c3-75971dc95569" />
    <Project Path="Modules/Catalog/Catalog.Infrastructure/Catalog.Infrastructure.csproj" Id="a0092725-2360-4d04-987e-2fc43db3f99d" />
  </Folder>
  <Folder Name="/Modules/Identity/" />
  <Folder Name="/Modules/Inventory/">
    <Project Path="Modules/Inventory/Inventory.API/Inventory.API.csproj" Id="a67ab7df-7c58-4408-bf97-3c49b1e0ba63" />
    <Project Path="Modules/Inventory/Inventory.Application/Inventory.Application.csproj" Id="6aca9743-7b22-4fbf-bdb3-76bacaa9252c" />
    <Project Path="Modules/Inventory/Inventory.Domain/Inventory.Domain.csproj" Id="6262c782-0e24-47f4-9ee6-06b319fa2293" />
    <Project Path="Modules/Inventory/Inventory.Infrastructure/Inventory.Infrastructure.csproj" Id="15d1c30b-8dcd-4878-b2e0-6dc519dbdcbb" />
    <Project Path="Modules/Inventory/Inventory.Queries/Inventory.Queries.csproj" Id="28ac8b9b-eece-4985-9a10-a347b236c97f" />
  </Folder>
  <Folder Name="/Modules/Notifications/" />
  <Folder Name="/Modules/Ordering/" />
  <Folder Name="/Modules/Payment/" />
  <Folder Name="/Modules/Promotions/" />
  <Folder Name="/Modules/Reviews/" />
  <Folder Name="/Modules/Shipping/" />
  <Project Path="docker-compose.dcproj">
    <Build />
  </Project>
  <Project Path="Ecommerce.Gateway/Ecommerce.Gateway.csproj" />
</Solution>
